
Microsoft Visual Studio Solution File, Format Version 12.00
# Visual Studio Version 16
VisualStudioVersion = 16.0.31129.286
MinimumVisualStudioVersion = 10.0.40219.1
Project("{FAE04EC0-301F-11D3-BF4B-00C04F79EFBC}") = "Numeros enteros y multiplos", "Numeros enteros y multiplos\Numeros enteros y multiplos.csproj", "{4BEC0DA1-4474-4E50-A1FD-8522D3E44EF2}"
EndProject
Global
	GlobalSection(SolutionConfigurationPlatforms) = preSolution
		Debug|Any CPU = Debug|Any CPU
		Release|Any CPU = Release|Any CPU
	EndGlobalSection
	GlobalSection(ProjectConfigurationPlatforms) = postSolution
		{4BEC0DA1-4474-4E50-A1FD-8522D3E44EF2}.Debug|Any CPU.ActiveCfg = Debug|Any CPU
		{4BEC0DA1-4474-4E50-A1FD-8522D3E44EF2}.Debug|Any CPU.Build.0 = Debug|Any CPU
		{4BEC0DA1-4474-4E50-A1FD-8522D3E44EF2}.Release|Any CPU.ActiveCfg = Release|Any CPU
		{4BEC0DA1-4474-4E50-A1FD-8522D3E44EF2}.Release|Any CPU.Build.0 = Release|Any CPU
	EndGlobalSection
	GlobalSection(SolutionProperties) = preSolution
		HideSolutionNode = FALSE
	EndGlobalSection
	GlobalSection(ExtensibilityGlobals) = postSolution
		SolutionGuid = {40F66F60-852C-4F5C-BF35-BD40896FFDC7}
	EndGlobalSection
EndGlobal
